
Microsoft Visual Studio Solution File, Format Version 12.00
# Visual Studio Version 17
VisualStudioVersion = 17.5.002.0
MinimumVisualStudioVersion = 10.0.40219.1
Project("{9A19103F-16F7-4668-BE54-9A1E7A4F7556}") = "fakeapistorerazorpage", "fakeapistorerazorpage.csproj", "{1CF19782-4C57-4B84-82BE-AE4556C00806}"
EndProject
Global
	GlobalSection(SolutionConfigurationPlatforms) = preSolution
		Debug|Any CPU = Debug|Any CPU
		Release|Any CPU = Release|Any CPU
	EndGlobalSection
	GlobalSection(ProjectConfigurationPlatforms) = postSolution
		{1CF19782-4C57-4B84-82BE-AE4556C00806}.Debug|Any CPU.ActiveCfg = Debug|Any CPU
		{1CF19782-4C57-4B84-82BE-AE4556C00806}.Debug|Any CPU.Build.0 = Debug|Any CPU
		{1CF19782-4C57-4B84-82BE-AE4556C00806}.Release|Any CPU.ActiveCfg = Release|Any CPU
		{1CF19782-4C57-4B84-82BE-AE4556C00806}.Release|Any CPU.Build.0 = Release|Any CPU
	EndGlobalSection
	GlobalSection(SolutionProperties) = preSolution
		HideSolutionNode = FALSE
	EndGlobalSection
	GlobalSection(ExtensibilityGlobals) = postSolution
		SolutionGuid = {BC6A2F0F-C903-42F1-8196-1D1D11DBDAE5}
	EndGlobalSection
EndGlobal
